<?xml version="1.0" encoding="utf-8"?>
<Project ToolsVersion="18.0" xmlns="http://schemas.microsoft.com/developer/msbuild/2003">
  <ItemGroup>
    <ClCompile Include="C:\Users\JOAO SALES\studiomaster\deps\juce\modules\juce_audio_plugin_client\juce_audio_plugin_client_AAX.cpp">
      <Filter>JUCE Modules\juce_audio_plugin_client</Filter>
    </ClCompile>
    <ClCompile Include="C:\Users\JOAO SALES\studiomaster\deps\juce\modules\juce_audio_plugin_client\juce_audio_plugin_client_AAX_utils.cpp">
      <Filter>JUCE Modules\juce_audio_plugin_client</Filter>
    </ClCompile>
    <ClCompile Include="C:\Users\JOAO SALES\studiomaster\deps\juce\modules\juce_audio_plugin_client\juce_audio_plugin_client_ARA.cpp">
      <Filter>JUCE Modules\juce_audio_plugin_client</Filter>
    </ClCompile>
    <ClCompile Include="C:\Users\JOAO SALES\studiomaster\deps\juce\modules\juce_audio_plugin_client\juce_audio_plugin_client_LV2.cpp">
      <Filter>JUCE Modules\juce_audio_plugin_client</Filter>
    </ClCompile>
    <ClCompile Include="C:\Users\JOAO SALES\studiomaster\deps\juce\modules\juce_audio_plugin_client\juce_audio_plugin_client_Standalone.cpp">
      <Filter>JUCE Modules\juce_audio_plugin_client</Filter>
    </ClCompile>
    <ClCompile Include="C:\Users\JOAO SALES\studiomaster\deps\juce\modules\juce_audio_plugin_client\juce_audio_plugin_client_Unity.cpp">
      <Filter>JUCE Modules\juce_audio_plugin_client</Filter>
    </ClCompile>
    <ClCompile Include="C:\Users\JOAO SALES\studiomaster\deps\juce\modules\juce_audio_plugin_client\juce_audio_plugin_client_VST2.cpp">
      <Filter>JUCE Modules\juce_audio_plugin_client</Filter>
    </ClCompile>
    <ClCompile Include="C:\Users\JOAO SALES\studiomaster\deps\juce\modules\juce_audio_plugin_client\juce_audio_plugin_client_VST3.cpp">
      <Filter>JUCE Modules\juce_audio_plugin_client</Filter>
    </ClCompile>
  </ItemGroup>
  <ItemGroup>
    <None Include="C:\Users\JOAO SALES\studiomaster\buid\StudioMaster_artefacts\JuceLibraryCode\icon.ico" />
  </ItemGroup>
  <ItemGroup>
    <Object Include="C:\Users\JOAO SALES\studiomaster\buid\StudioMaster_rc_lib.dir\$(Configuration)\StudioMaster_resources.res">
      <Filter>Object Libraries</Filter>
    </Object>
  </ItemGroup>
  <ItemGroup>
    <Filter Include="JUCE Modules">
      <UniqueIdentifier>{F28AE5C5-155E-31B6-82F6-522B4C116CF8}</UniqueIdentifier>
    </Filter>
    <Filter Include="JUCE Modules\juce_audio_plugin_client">
      <UniqueIdentifier>{22ED88A0-2E97-3E66-B197-E3C05160B025}</UniqueIdentifier>
    </Filter>
    <Filter Include="Object Libraries">
      <UniqueIdentifier>{A5A5C861-C042-33D1-8313-64687639A60F}</UniqueIdentifier>
    </Filter>
  </ItemGroup>
</Project>
